
Microsoft Visual Studio Solution File, Format Version 12.00
# Visual Studio Version 16
VisualStudioVersion = 16.0.808.4
MinimumVisualStudioVersion = 10.0.40219.1
Project("{FAE04EC0-301F-11D3-BF4B-00C04F79EFBC}") = "LeetCode", "LeetCode.csproj", "{95FF045B-9F37-4418-9EC4-448A3C188252}"
EndProject
Global
	GlobalSection(SolutionConfigurationPlatforms) = preSolution
		Debug|anycpu = Debug|anycpu
		Release|anycpu = Release|anycpu
	EndGlobalSection
	GlobalSection(ProjectConfigurationPlatforms) = postSolution
		{95FF045B-9F37-4418-9EC4-448A3C188252}.Debug|anycpu.ActiveCfg = Debug|anycpu
		{95FF045B-9F37-4418-9EC4-448A3C188252}.Debug|anycpu.Build.0 = Debug|anycpu
		{95FF045B-9F37-4418-9EC4-448A3C188252}.Release|anycpu.ActiveCfg = Release|anycpu
		{95FF045B-9F37-4418-9EC4-448A3C188252}.Release|anycpu.Build.0 = Release|anycpu
	EndGlobalSection
	GlobalSection(SolutionProperties) = preSolution
		HideSolutionNode = FALSE
	EndGlobalSection
	GlobalSection(ExtensibilityGlobals) = postSolution
		SolutionGuid = {6B43C86D-37BA-4890-AFF1-55CE5FB32735}
	EndGlobalSection
EndGlobal
